lockfileVersion: '9.0'

settings:
  autoInstallPeers: true
  excludeLinksFromLockfile: false

importers:

  .:
    devDependencies:
      prettier:
        specifier: ^3.6.2
        version: 3.8.1
      turbo:
        specifier: ^2.5.8
        version: 2.8.17
      typescript:
        specifier: ^5.9.3
        version: 5.9.3

  apps/api:
    dependencies:
      '@xihe-loom-scaffold/shared':
        specifier: workspace:*
        version: link:../../packages/shared
      '@xihe-loom-scaffold/types':
        specifier: workspace:*
        version: link:../../packages/types

  apps/web:
    dependencies:
      '@xihe-loom-scaffold/shared':
        specifier: workspace:*
        version: link:../../packages/shared
      '@xihe-loom-scaffold/types':
        specifier: workspace:*
        version: link:../../packages/types

  packages/shared:
    dependencies:
      '@xihe-loom-scaffold/types':
        specifier: workspace:*
        version: link:../types

  packages/types: {}

packages:

  prettier@3.8.1:
    resolution: {integrity: sha512-UOnG6LftzbdaHZcKoPFtOcCKztrQ57WkHDeRD9t/PTQtmT0NHSeWWepj6pS0z/N7+08BHFDQVUrfmfMRcZwbMg==}
    engines: {node: '>=14'}
    hasBin: true

  turbo-darwin-64@2.8.17:
    resolution: {integrity: sha512-ZFkv2hv7zHpAPEXBF6ouRRXshllOavYc+jjcrYyVHvxVTTwJWsBZwJ/gpPzmOKGvkSjsEyDO5V6aqqtZzwVF+Q==}
    cpu: [x64]
    os: [darwin]

  turbo-darwin-arm64@2.8.17:
    resolution: {integrity: sha512-5DXqhQUt24ycEryXDfMNKEkW5TBHs+QmU23a2qxXwwFDaJsWcPo2obEhBxxdEPOv7qmotjad+09RGeWCcJ9JDw==}
    cpu: [arm64]
    os: [darwin]

  turbo-linux-64@2.8.17:
    resolution: {integrity: sha512-KLUbz6w7F73D/Ihh51hVagrKR0/CTsPEbRkvXLXvoND014XJ4BCrQUqSxlQ4/hu+nqp1v5WlM85/h3ldeyujuA==}
    cpu: [x64]
    os: [linux]

  turbo-linux-arm64@2.8.17:
    resolution: {integrity: sha512-pJK67XcNJH40lTAjFu7s/rUlobgVXyB3A3lDoq+/JccB3hf+SysmkpR4Itlc93s8LEaFAI4mamhFuTV17Z6wOg==}
    cpu: [arm64]
    os: [linux]

  turbo-windows-64@2.8.17:
    resolution: {integrity: sha512-EijeQ6zszDMmGZLP2vT2RXTs/GVi9rM0zv2/G4rNu2SSRSGFapgZdxgW4b5zUYLVaSkzmkpWlGfPfj76SW9yUg==}
    cpu: [x64]
    os: [win32]

  turbo-windows-arm64@2.8.17:
    resolution: {integrity: sha512-crpfeMPkfECd4V1PQ/hMoiyVcOy04+bWedu/if89S15WhOalHZ2BYUi6DOJhZrszY+mTT99OwpOsj4wNfb/GHQ==}
    cpu: [arm64]
    os: [win32]

  turbo@2.8.17:
    resolution: {integrity: sha512-YwPsNSqU2f/RXU/+Kcb7cPkPZARxom4+me7LKEdN5jsvy2tpfze3zDZ4EiGrJnvOm9Avu9rK0aaYsP7qZ3iz7A==}
    hasBin: true

  typescript@5.9.3:
    resolution: {integrity: sha512-jl1vZzPDinLr9eUt3J/t7V6FgNEw9QjvBPdysz9KfQDD41fQrC2Y4vKQdiaUpFT4bXlb1RHhLpp8wtm6M5TgSw==}
    engines: {node: '>=14.17'}
    hasBin: true

snapshots:

  prettier@3.8.1: {}

  turbo-darwin-64@2.8.17:
    optional: true

  turbo-darwin-arm64@2.8.17:
    optional: true

  turbo-linux-64@2.8.17:
    optional: true

  turbo-linux-arm64@2.8.17:
    optional: true

  turbo-windows-64@2.8.17:
    optional: true

  turbo-windows-arm64@2.8.17:
    optional: true

  turbo@2.8.17:
    optionalDependencies:
      turbo-darwin-64: 2.8.17
      turbo-darwin-arm64: 2.8.17
      turbo-linux-64: 2.8.17
      turbo-linux-arm64: 2.8.17
      turbo-windows-64: 2.8.17
      turbo-windows-arm64: 2.8.17

  typescript@5.9.3: {}
